hash: f940ceb6cd7d66f2ea8b0404b43a29d710824b32ac4227acf1ee211f6c43fc74
updated: 2019-08-06T22:42:06.811933+08:00
imports:
- name: github.com/andybalholm/cascadia
  version: 680b6a57bda4f657485ad44bdea42342ead737bc
- name: github.com/gorilla/mux
  version: 00bdffe0f3c77e27d2cf6f5c70232a2d3e4d9c15
- name: github.com/PuerkitoBio/goquery
  version: 2d2796f41742ece03e8086188fa4db16a3a0b458
- name: github.com/robfig/cron
  version: 45fbe1491cdd47d74d1bf1396286d67faee8b8b5
- name: golang.org/x/net
  version: ca1201d0de80cfde86cb01aea620983605dfe99b
  subpackages:
  - html
  - html/atom
testImports: []
